
Microsoft Visual Studio Solution File, Format Version 12.00
# Visual Studio Version 16
VisualStudioVersion = 16.0.31515.178
MinimumVisualStudioVersion = 10.0.40219.1
Project("{FAE04EC0-301F-11D3-BF4B-00C04F79EFBC}") = "Filter3ValidateInputAllowHTML", "Filter3ValidateInputAllowHTML\Filter3ValidateInputAllowHTML.csproj", "{7E749F71-D828-4535-AB3C-3EAC0A7954FD}"
EndProject
Global
	GlobalSection(SolutionConfigurationPlatforms) = preSolution
		Debug|Any CPU = Debug|Any CPU
		Release|Any CPU = Release|Any CPU
	EndGlobalSection
	GlobalSection(ProjectConfigurationPlatforms) = postSolution
		{7E749F71-D828-4535-AB3C-3EAC0A7954FD}.Debug|Any CPU.ActiveCfg = Debug|Any CPU
		{7E749F71-D828-4535-AB3C-3EAC0A7954FD}.Debug|Any CPU.Build.0 = Debug|Any CPU
		{7E749F71-D828-4535-AB3C-3EAC0A7954FD}.Release|Any CPU.ActiveCfg = Release|Any CPU
		{7E749F71-D828-4535-AB3C-3EAC0A7954FD}.Release|Any CPU.Build.0 = Release|Any CPU
	EndGlobalSection
	GlobalSection(SolutionProperties) = preSolution
		HideSolutionNode = FALSE
	EndGlobalSection
	GlobalSection(ExtensibilityGlobals) = postSolution
		SolutionGuid = {AF163B8A-C4AD-427E-BFA8-6D379169175A}
	EndGlobalSection
EndGlobal
