
Microsoft Visual Studio Solution File, Format Version 12.00
# Visual Studio Version 16
VisualStudioVersion = 16.0.31605.320
MinimumVisualStudioVersion = 10.0.40219.1
Project("{FAE04EC0-301F-11D3-BF4B-00C04F79EFBC}") = "PartialView1", "PartialView1\PartialView1.csproj", "{16B5EFCF-37A2-4EC2-859C-2EA0609E4364}"
EndProject
Global
	GlobalSection(SolutionConfigurationPlatforms) = preSolution
		Debug|Any CPU = Debug|Any CPU
		Release|Any CPU = Release|Any CPU
	EndGlobalSection
	GlobalSection(ProjectConfigurationPlatforms) = postSolution
		{16B5EFCF-37A2-4EC2-859C-2EA0609E4364}.Debug|Any CPU.ActiveCfg = Debug|Any CPU
		{16B5EFCF-37A2-4EC2-859C-2EA0609E4364}.Debug|Any CPU.Build.0 = Debug|Any CPU
		{16B5EFCF-37A2-4EC2-859C-2EA0609E4364}.Release|Any CPU.ActiveCfg = Release|Any CPU
		{16B5EFCF-37A2-4EC2-859C-2EA0609E4364}.Release|Any CPU.Build.0 = Release|Any CPU
	EndGlobalSection
	GlobalSection(SolutionProperties) = preSolution
		HideSolutionNode = FALSE
	EndGlobalSection
	GlobalSection(ExtensibilityGlobals) = postSolution
		SolutionGuid = {2FCAAD39-0859-4D0E-8139-1BDDDB8F87D5}
	EndGlobalSection
EndGlobal
